
Microsoft Visual Studio Solution File, Format Version 11.00
# Visual Studio 2010
Project("{8BC9CEB8-8B4A-11D0-8D11-00A0C91BC942}") = "spycars-vhf", "spycars-vhf.vcxproj", "{B398ECFF-8078-434F-AFC6-744B35FEE4D7}"
EndProject
Global
	GlobalSection(SolutionConfigurationPlatforms) = preSolution
		Debug|Win32 = Debug|Win32
		Release|Win32 = Release|Win32
	EndGlobalSection
	GlobalSection(ProjectConfigurationPlatforms) = postSolution
		{B398ECFF-8078-434F-AFC6-744B35FEE4D7}.Debug|Win32.ActiveCfg = Debug|Win32
		{B398ECFF-8078-434F-AFC6-744B35FEE4D7}.Debug|Win32.Build.0 = Debug|Win32
		{B398ECFF-8078-434F-AFC6-744B35FEE4D7}.Release|Win32.ActiveCfg = Release|Win32
		{B398ECFF-8078-434F-AFC6-744B35FEE4D7}.Release|Win32.Build.0 = Release|Win32
	EndGlobalSection
	GlobalSection(SolutionProperties) = preSolution
		HideSolutionNode = FALSE
	EndGlobalSection
EndGlobal
